
Microsoft Visual Studio Solution File, Format Version 12.00
# Visual Studio Version 17
VisualStudioVersion = 17.9.34701.34
MinimumVisualStudioVersion = 10.0.40219.1
Project("{9A19103F-16F7-4668-BE54-9A1E7A4F7556}") = "PracticeFromTechnology(WebApi)", "PracticeFromTechnology(WebApi)\PracticeFromTechnology(WebApi).csproj", "{C5C83382-6540-46AD-9D49-0EA397010E3D}"
EndProject
Project("{FAE04EC0-301F-11D3-BF4B-00C04F79EFBC}") = "PracticeFromTechnology(WebApi).UnitTests", "PracticeFromTechnology(WebApi).UnitTests\PracticeFromTechnology(WebApi).UnitTests.csproj", "{AB1B1010-0452-4030-B540-516B6493A52D}"
EndProject
Global
	GlobalSection(SolutionConfigurationPlatforms) = preSolution
		Debug|Any CPU = Debug|Any CPU
		Release|Any CPU = Release|Any CPU
	EndGlobalSection
	GlobalSection(ProjectConfigurationPlatforms) = postSolution
		{C5C83382-6540-46AD-9D49-0EA397010E3D}.Debug|Any CPU.ActiveCfg = Debug|Any CPU
		{C5C83382-6540-46AD-9D49-0EA397010E3D}.Debug|Any CPU.Build.0 = Debug|Any CPU
		{C5C83382-6540-46AD-9D49-0EA397010E3D}.Release|Any CPU.ActiveCfg = Release|Any CPU
		{C5C83382-6540-46AD-9D49-0EA397010E3D}.Release|Any CPU.Build.0 = Release|Any CPU
		{AB1B1010-0452-4030-B540-516B6493A52D}.Debug|Any CPU.ActiveCfg = Debug|Any CPU
		{AB1B1010-0452-4030-B540-516B6493A52D}.Debug|Any CPU.Build.0 = Debug|Any CPU
		{AB1B1010-0452-4030-B540-516B6493A52D}.Release|Any CPU.ActiveCfg = Release|Any CPU
		{AB1B1010-0452-4030-B540-516B6493A52D}.Release|Any CPU.Build.0 = Release|Any CPU
	EndGlobalSection
	GlobalSection(SolutionProperties) = preSolution
		HideSolutionNode = FALSE
	EndGlobalSection
	GlobalSection(ExtensibilityGlobals) = postSolution
		SolutionGuid = {9F30EB81-4EF4-47BC-8389-76A2A3E954DB}
	EndGlobalSection
EndGlobal
